// !$*UTF8*$!
{
	archiveVersion = 1;
	classes = {
	};
	objectVersion = 46;
	objects = {

/* Begin PBXBuildFile section */
		1B98B49E1C31781A00582F7B /* AppDelegate.swift in Sources */ = {isa = PBXBuildFile; fileRef = 1B98B49D1C31781A00582F7B /* AppDelegate.swift */; };
		1B98B4A01C31781A00582F7B /* ViewController.swift in Sources */ = {isa = PBXBuildFile; fileRef = 1B98B49F1C31781A00582F7B /* ViewController.swift */; };
		1B98B4A31C31781A00582F7B /* Main.storyboard in Resources */ = {isa = PBXBuildFile; fileRef = 1B98B4A11C31781A00582F7B /* Main.storyboard */; };
		1B98B4A51C31781A00582F7B /* Assets.xcassets in Resources */ = {isa = PBXBuildFile; fileRef = 1B98B4A41C31781A00582F7B /* Assets.xcassets */; };
		1B98B4A81C31781A00582F7B /* LaunchScreen.storyboard in Resources */ = {isa = PBXBuildFile; fileRef = 1B98B4A61C31781A00582F7B /* LaunchScreen.storyboard */; };
		7BBBE1FBE7C6611D459A338F /* Pods_Example.framework in Frameworks */ = {isa = PBXBuildFile; fileRef = FE9AF7BC7E35E1320E503139 /* Pods_Example.framework */; };
/* End PBXBuildFile section */

/* Begin PBXFileReference section */
		16D850C092F679EE4F75353E /* Pods-Example.debug.xcconfig */ = {isa = PBXFileReference; includeInIndex = 1; lastKnownFileType = text.xcconfig; name = "Pods-Example.debug.xcconfig"; path = "Pods/Target Support Files/Pods-Example/Pods-Example.debug.xcconfig"; sourceTree = "<group>"; };
		1A4A4DEBA24B424B78B0FF5C /* Pods-Example.release.xcconfig */ = {isa = PBXFileReference; includeInIndex = 1; lastKnownFileType = text.xcconfig; name = "Pods-Example.release.xcconfig"; path = "Pods/Target Support Files/Pods-Example/Pods-Example.release.xcconfig"; sourceTree = "<group>"; };
		1B98B49A1C31781A00582F7B /* Example.app */ = {isa = PBXFileReference; explicitFileType = wrapper.application; includeInIndex = 0; path = Example.app; sourceTree = BUILT_PRODUCTS_DIR; };
		1B98B49D1C31781A00582F7B /* AppDelegate.swift */ = {isa = PBXFileReference; lastKnownFileType = sourcecode.swift; path = AppDelegate.swift; sourceTree = "<group>"; };
		1B98B49F1C31781A00582F7B /* ViewController.swift */ = {isa = PBXFileReference; lastKnownFileType = sourcecode.swift; path = ViewController.swift; sourceTree = "<group>"; };
		1B98B4A21C31781A00582F7B /* Base */ = {isa = PBXFileReference; lastKnownFileType = file.storyboard; name = Base; path = Base.lproj/Main.storyboard; sourceTree = "<group>"; };
		1B98B4A41C31781A00582F7B /* Assets.xcassets */ = {isa = PBXFileReference; lastKnownFileType = folder.assetcatalog; path = Assets.xcassets; sourceTree = "<group>"; };
		1B98B4A71C31781A00582F7B /* Base */ = {isa = PBXFileReference; lastKnownFileType = file.storyboard; name = Base; path = Base.lproj/LaunchScreen.storyboard; sourceTree = "<group>"; };
		1B98B4A91C31781A00582F7B /* Info.plist */ = {isa = PBXFileReference; lastKnownFileType = text.plist.xml; path = Info.plist; sourceTree = "<group>"; };
		FE9AF7BC7E35E1320E503139 /* Pods_Example.framework */ = {isa = PBXFileReference; explicitFileType = wrapper.framework; includeInIndex = 0; path = Pods_Example.framework; sourceTree = BUILT_PRODUCTS_DIR; };
/* End PBXFileReference section */

/* Begin PBXFrameworksBuildPhase section */
		1B98B4971C31781A00582F7B /* Frameworks */ = {
			isa = PBXFrameworksBuildPhase;
			buildActionMask = 2147483647;
			files = (
				7BBBE1FBE7C6611D459A338F /* Pods_Example.framework in Frameworks */,
			);
			runOnlyForDeploymentPostprocessing = 0;
		};
/* End PBXFrameworksBuildPhase section */

/* Begin PBXGroup section */
		1B98B4911C31781A00582F7B = {
			isa = PBXGroup;
			children = (
				1B98B49C1C31781A00582F7B /* Example */,
				1B98B49B1C31781A00582F7B /* Products */,
				B16CE0D33372E5D0EE99FFA4 /* Pods */,
				EFE97206F32452F8247F7206 /* Frameworks */,
			);
			sourceTree = "<group>";
		};
		1B98B49B1C31781A00582F7B /* Products */ = {
			isa = PBXGroup;
			children = (
				1B98B49A1C31781A00582F7B /* Example.app */,
			);
			name = Products;
			sourceTree = "<group>";
		};
		1B98B49C1C31781A00582F7B /* Example */ = {
			isa = PBXGroup;
			children = (
				1B98B49D1C31781A00582F7B /* AppDelegate.swift */,
				1B98B49F1C31781A00582F7B /* ViewController.swift */,
				1B98B4A11C31781A00582F7B /* Main.storyboard */,
				1B98B4A41C31781A00582F7B /* Assets.xcassets */,
				1B98B4A61C31781A00582F7B /* LaunchScreen.storyboard */,
				1B98B4A91C31781A00582F7B /* Info.plist */,
			);
			path = Example;
			sourceTree = "<group>";
		};
		B16CE0D33372E5D0EE99FFA4 /* Pods */ = {
			isa = PBXGroup;
			children = (
				16D850C092F679EE4F75353E /* Pods-Example.debug.xcconfig */,
				1A4A4DEBA24B424B78B0FF5C /* Pods-Example.release.xcconfig */,
			);
			name = Pods;
			sourceTree = "<group>";
		};
		EFE97206F32452F8247F7206 /* Frameworks */ = {
			isa = PBXGroup;
			children = (
				FE9AF7BC7E35E1320E503139 /* Pods_Example.framework */,
			);
			name = Frameworks;
			sourceTree = "<group>";
		};
/* End PBXGroup section */

/* Begin PBXNativeTarget section */
		1B98B4991C31781A00582F7B /* Example */ = {
			isa = PBXNativeTarget;
			buildConfigurationList = 1B98B4AC1C31781A00582F7B /* Build configuration list for PBXNativeTarget "Example" */;
			buildPhases = (
				E0AD3B3635DEF97E183B8A9A /* 📦 Check Pods Manifest.lock */,
				1B98B4961C31781A00582F7B /* Sources */,
				1B98B4971C31781A00582F7B /* Frameworks */,
				1B98B4981C31781A00582F7B /* Resources */,
				0D99312EE377ED5CD7462C26 /* 📦 Embed Pods Frameworks */,
				D77400513D64A3450CF51693 /* 📦 Copy Pods Resources */,
				4252A1CE2F644177D0B03518 /* Tailor */,
			);
			buildRules = (
			);
			dependencies = (
			);
			name = Example;
			productName = Example;
			productReference = 1B98B49A1C31781A00582F7B /* Example.app */;
			productType = "com.apple.product-type.application";
		};
/* End PBXNativeTarget section */

/* Begin PBXProject section */
		1B98B4921C31781A00582F7B /* Project object */ = {
			isa = PBXProject;
			attributes = {
				LastSwiftUpdateCheck = 0720;
				LastUpgradeCheck = 0720;
				ORGANIZATIONNAME = sagarrkothari.com;
				TargetAttributes = {
					1B98B4991C31781A00582F7B = {
						CreatedOnToolsVersion = 7.2;
					};
				};
			};
			buildConfigurationList = 1B98B4951C31781A00582F7B /* Build configuration list for PBXProject "Example" */;
			compatibilityVersion = "Xcode 3.2";
			developmentRegion = English;
			hasScannedForEncodings = 0;
			knownRegions = (
				en,
				Base,
			);
			mainGroup = 1B98B4911C31781A00582F7B;
			productRefGroup = 1B98B49B1C31781A00582F7B /* Products */;
			projectDirPath = "";
			projectRoot = "";
			targets = (
				1B98B4991C31781A00582F7B /* Example */,
			);
		};
/* End PBXProject section */

/* Begin PBXResourcesBuildPhase section */
		1B98B4981C31781A00582F7B /* Resources */ = {
			isa = PBXResourcesBuildPhase;
			buildActionMask = 2147483647;
			files = (
				1B98B4A81C31781A00582F7B /* LaunchScreen.storyboard in Resources */,
				1B98B4A51C31781A00582F7B /* Assets.xcassets in Resources */,
				1B98B4A31C31781A00582F7B /* Main.storyboard in Resources */,
			);
			runOnlyForDeploymentPostprocessing = 0;
		};
/* End PBXResourcesBuildPhase section */

/* Begin PBXShellScriptBuildPhase section */
		0D99312EE377ED5CD7462C26 /* 📦 Embed Pods Frameworks */ = {
			isa = PBXShellScriptBuildPhase;
			buildActionMask = 2147483647;
			files = (
			);
			inputPaths = (
			);
			name = "📦 Embed Pods Frameworks";
			outputPaths = (
			);
			runOnlyForDeploymentPostprocessing = 0;
			shellPath = /bin/sh;
			shellScript = "\"${SRCROOT}/Pods/Target Support Files/Pods-Example/Pods-Example-frameworks.sh\"\n";
			showEnvVarsInLog = 0;
		};
		4252A1CE2F644177D0B03518 /* Tailor */ = {
			isa = PBXShellScriptBuildPhase;
			buildActionMask = 2147483647;
			files = (
			);
			inputPaths = (
			);
			name = Tailor;
			outputPaths = (
			);
			runOnlyForDeploymentPostprocessing = 0;
			shellPath = /bin/sh;
			shellScript = "if hash tailor 2>/dev/null; then\n  tailor\nelse\n  echo \"warning: Please install Tailor from https://tailor.sh\"\nfi";
		};
		D77400513D64A3450CF51693 /* 📦 Copy Pods Resources */ = {
			isa = PBXShellScriptBuildPhase;
			buildActionMask = 2147483647;
			files = (
			);
			inputPaths = (
			);
			name = "📦 Copy Pods Resources";
			outputPaths = (
			);
			runOnlyForDeploymentPostprocessing = 0;
			shellPath = /bin/sh;
			shellScript = "\"${SRCROOT}/Pods/Target Support Files/Pods-Example/Pods-Example-resources.sh\"\n";
			showEnvVarsInLog = 0;
		};
		E0AD3B3635DEF97E183B8A9A /* 📦 Check Pods Manifest.lock */ = {
			isa = PBXShellScriptBuildPhase;
			buildActionMask = 2147483647;
			files = (
			);
			inputPaths = (
			);
			name = "📦 Check Pods Manifest.lock";
			outputPaths = (
			);
			runOnlyForDeploymentPostprocessing = 0;
			shellPath = /bin/sh;
			shellScript = "diff \"${PODS_ROOT}/../Podfile.lock\" \"${PODS_ROOT}/Manifest.lock\" > /dev/null\nif [[ $? != 0 ]] ; then\n    cat << EOM\nerror: The sandbox is not in sync with the Podfile.lock. Run 'pod install' or update your CocoaPods installation.\nEOM\n    exit 1\nfi\n";
			showEnvVarsInLog = 0;
		};
/* End PBXShellScriptBuildPhase section */

/* Begin PBXSourcesBuildPhase section */
		1B98B4961C31781A00582F7B /* Sources */ = {
			isa = PBXSourcesBuildPhase;
			buildActionMask = 2147483647;
			files = (
				1B98B4A01C31781A00582F7B /* ViewController.swift in Sources */,
				1B98B49E1C31781A00582F7B /* AppDelegate.swift in Sources */,
			);
			runOnlyForDeploymentPostprocessing = 0;
		};
/* End PBXSourcesBuildPhase section */

/* Begin PBXVariantGroup section */
		1B98B4A11C31781A00582F7B /* Main.storyboard */ = {
			isa = PBXVariantGroup;
			children = (
				1B98B4A21C31781A00582F7B /* Base */,
			);
			name = Main.storyboard;
			sourceTree = "<group>";
		};
		1B98B4A61C31781A00582F7B /* LaunchScreen.storyboard */ = {
			isa = PBXVariantGroup;
			children = (
				1B98B4A71C31781A00582F7B /* Base */,
			);
			name = LaunchScreen.storyboard;
			sourceTree = "<group>";
		};
/* End PBXVariantGroup section */

/* Begin XCBuildConfiguration section */
		1B98B4AA1C31781A00582F7B /* Debug */ = {
			isa = XCBuildConfiguration;
			buildSettings = {
				ALWAYS_SEARCH_USER_PATHS = NO;
				CLANG_CXX_LANGUAGE_STANDARD = "gnu++0x";
				CLANG_CXX_LIBRARY = "libc++";
				CLANG_ENABLE_MODULES = YES;
				CLANG_ENABLE_OBJC_ARC = YES;
				CLANG_WARN_BOOL_CONVERSION = YES;
				CLANG_WARN_CONSTANT_CONVERSION = YES;
				CLANG_WARN_DIRECT_OBJC_ISA_USAGE = YES_ERROR;
				CLANG_WARN_EMPTY_BODY = YES;
				CLANG_WARN_ENUM_CONVERSION = YES;
				CLANG_WARN_INT_CONVERSION = YES;
				CLANG_WARN_OBJC_ROOT_CLASS = YES_ERROR;
				CLANG_WARN_UNREACHABLE_CODE = YES;
				CLANG_WARN__DUPLICATE_METHOD_MATCH = YES;
				"CODE_SIGN_IDENTITY[sdk=iphoneos*]" = "iPhone Developer";
				COPY_PHASE_STRIP = NO;
				DEBUG_INFORMATION_FORMAT = dwarf;
				ENABLE_STRICT_OBJC_MSGSEND = YES;
				ENABLE_TESTABILITY = YES;
				GCC_C_LANGUAGE_STANDARD = gnu99;
				GCC_DYNAMIC_NO_PIC = NO;
				GCC_NO_COMMON_BLOCKS = YES;
				GCC_OPTIMIZATION_LEVEL = 0;
				GCC_PREPROCESSOR_DEFINITIONS = (
					"DEBUG=1",
					"$(inherited)",
				);
				GCC_WARN_64_TO_32_BIT_CONVERSION = YES;
				GCC_WARN_ABOUT_RETURN_TYPE = YES_ERROR;
				GCC_WARN_UNDECLARED_SELECTOR = YES;
				GCC_WARN_UNINITIALIZED_AUTOS = YES_AGGRESSIVE;
				GCC_WARN_UNUSED_FUNCTION = YES;
				GCC_WARN_UNUSED_VARIABLE = YES;
				IPHONEOS_DEPLOYMENT_TARGET = 9.2;
				MTL_ENABLE_DEBUG_INFO = YES;
				ONLY_ACTIVE_ARCH = YES;
				SDKROOT = iphoneos;
				SWIFT_OPTIMIZATION_LEVEL = "-Onone";
				TARGETED_DEVICE_FAMILY = "1,2";
			};
			name = Debug;
		};
		1B98B4AB1C31781A00582F7B /* Release */ = {
			isa = XCBuildConfiguration;
			buildSettings = {
				ALWAYS_SEARCH_USER_PATHS = NO;
				CLANG_CXX_LANGUAGE_STANDARD = "gnu++0x";
				CLANG_CXX_LIBRARY = "libc++";
				CLANG_ENABLE_MODULES = YES;
				CLANG_ENABLE_OBJC_ARC = YES;
				CLANG_WARN_BOOL_CONVERSION = YES;
				CLANG_WARN_CONSTANT_CONVERSION = YES;
				CLANG_WARN_DIRECT_OBJC_ISA_USAGE = YES_ERROR;
				CLANG_WARN_EMPTY_BODY = YES;
				CLANG_WARN_ENUM_CONVERSION = YES;
				CLANG_WARN_INT_CONVERSION = YES;
				CLANG_WARN_OBJC_ROOT_CLASS = YES_ERROR;
				CLANG_WARN_UNREACHABLE_CODE = YES;
				CLANG_WARN__DUPLICATE_METHOD_MATCH = YES;
				"CODE_SIGN_IDENTITY[sdk=iphoneos*]" = "iPhone Developer";
				COPY_PHASE_STRIP = NO;
				DEBUG_INFORMATION_FORMAT = "dwarf-with-dsym";
				ENABLE_NS_ASSERTIONS = NO;
				ENABLE_STRICT_OBJC_MSGSEND = YES;
				GCC_C_LANGUAGE_STANDARD = gnu99;
				GCC_NO_COMMON_BLOCKS = YES;
				GCC_WARN_64_TO_32_BIT_CONVERSION = YES;
				GCC_WARN_ABOUT_RETURN_TYPE = YES_ERROR;
				GCC_WARN_UNDECLARED_SELECTOR = YES;
				GCC_WARN_UNINITIALIZED_AUTOS = YES_AGGRESSIVE;
				GCC_WARN_UNUSED_FUNCTION = YES;
				GCC_WARN_UNUSED_VARIABLE = YES;
				IPHONEOS_DEPLOYMENT_TARGET = 9.2;
				MTL_ENABLE_DEBUG_INFO = NO;
				SDKROOT = iphoneos;
				TARGETED_DEVICE_FAMILY = "1,2";
				VALIDATE_PRODUCT = YES;
			};
			name = Release;
		};
		1B98B4AD1C31781A00582F7B /* Debug */ = {
			isa = XCBuildConfiguration;
			baseConfigurationReference = 16D850C092F679EE4F75353E /* Pods-Example.debug.xcconfig */;
			buildSettings = {
				ASSETCATALOG_COMPILER_APPICON_NAME = AppIcon;
				INFOPLIST_FILE = Example/Info.plist;
				LD_RUNPATH_SEARCH_PATHS = "$(inherited) @executable_path/Frameworks";
				PRODUCT_BUNDLE_IDENTIFIER = com.sagarrkothari.Example;
				PRODUCT_NAME = "$(TARGET_NAME)";
			};
			name = Debug;
		};
		1B98B4AE1C31781A00582F7B /* Release */ = {
			isa = XCBuildConfiguration;
			baseConfigurationReference = 1A4A4DEBA24B424B78B0FF5C /* Pods-Example.release.xcconfig */;
			buildSettings = {
				ASSETCATALOG_COMPILER_APPICON_NAME = AppIcon;
				INFOPLIST_FILE = Example/Info.plist;
				LD_RUNPATH_SEARCH_PATHS = "$(inherited) @executable_path/Frameworks";
				PRODUCT_BUNDLE_IDENTIFIER = com.sagarrkothari.Example;
				PRODUCT_NAME = "$(TARGET_NAME)";
			};
			name = Release;
		};
/* End XCBuildConfiguration section */

/* Begin XCConfigurationList section */
		1B98B4951C31781A00582F7B /* Build configuration list for PBXProject "Example" */ = {
			isa = XCConfigurationList;
			buildConfigurations = (
				1B98B4AA1C31781A00582F7B /* Debug */,
				1B98B4AB1C31781A00582F7B /* Release */,
			);
			defaultConfigurationIsVisible = 0;
			defaultConfigurationName = Release;
		};
		1B98B4AC1C31781A00582F7B /* Build configuration list for PBXNativeTarget "Example" */ = {
			isa = XCConfigurationList;
			buildConfigurations = (
				1B98B4AD1C31781A00582F7B /* Debug */,
				1B98B4AE1C31781A00582F7B /* Release */,
			);
			defaultConfigurationIsVisible = 0;
			defaultConfigurationName = Release;
		};
/* End XCConfigurationList section */
	};
	rootObject = 1B98B4921C31781A00582F7B /* Project object */;
}
