// !$*UTF8*$!
{
	archiveVersion = 1;
	classes = {
	};
	objectVersion = 46;
	objects = {

/* Begin PBXBuildFile section */
		1B1957691DDD93A5001668E5 /* StringHelper.swift in Sources */ = {isa = PBXBuildFile; fileRef = 1B1957681DDD93A5001668E5 /* StringHelper.swift */; };
		1B19576A1DDD93E6001668E5 /* StringHelper.swift in Headers */ = {isa = PBXBuildFile; fileRef = 1B1957681DDD93A5001668E5 /* StringHelper.swift */; };
		1B52A04E1DD9F92500076FAB /* SRKUtility.h in Headers */ = {isa = PBXBuildFile; fileRef = 1B52A04C1DD9F92500076FAB /* SRKUtility.h */; settings = {ATTRIBUTES = (Public, ); }; };
		1B52A0561DD9F94700076FAB /* UIImageHelper.swift in Sources */ = {isa = PBXBuildFile; fileRef = 1B52A0551DD9F94700076FAB /* UIImageHelper.swift */; };
		1B52A0571DD9F95800076FAB /* UIImageHelper.swift in Headers */ = {isa = PBXBuildFile; fileRef = 1B52A0551DD9F94700076FAB /* UIImageHelper.swift */; };
		1BB4E6C61DDE1E5C00D30145 /* ComboBoxVCtr.swift in Sources */ = {isa = PBXBuildFile; fileRef = 1BB4E6C01DDE1E5C00D30145 /* ComboBoxVCtr.swift */; };
		1BB4E6C71DDE1E5C00D30145 /* ComboBoxVCtr.xib in Resources */ = {isa = PBXBuildFile; fileRef = 1BB4E6C11DDE1E5C00D30145 /* ComboBoxVCtr.xib */; };
		1BB4E6C81DDE1E5C00D30145 /* CustomComboBoxVCtr.swift in Sources */ = {isa = PBXBuildFile; fileRef = 1BB4E6C21DDE1E5C00D30145 /* CustomComboBoxVCtr.swift */; };
		1BB4E6C91DDE1E5C00D30145 /* CustomComboBoxVCtr.xib in Resources */ = {isa = PBXBuildFile; fileRef = 1BB4E6C31DDE1E5C00D30145 /* CustomComboBoxVCtr.xib */; };
		1BB4E6CA1DDE1E5C00D30145 /* DateTimeBoxVCtr.swift in Sources */ = {isa = PBXBuildFile; fileRef = 1BB4E6C41DDE1E5C00D30145 /* DateTimeBoxVCtr.swift */; };
		1BB4E6CB1DDE1E5C00D30145 /* DateTimeBoxVCtr.xib in Resources */ = {isa = PBXBuildFile; fileRef = 1BB4E6C51DDE1E5C00D30145 /* DateTimeBoxVCtr.xib */; };
		1BB4E6CC1DDE1E7200D30145 /* ComboBoxVCtr.swift in Headers */ = {isa = PBXBuildFile; fileRef = 1BB4E6C01DDE1E5C00D30145 /* ComboBoxVCtr.swift */; };
		1BB4E6CD1DDE1E7200D30145 /* CustomComboBoxVCtr.swift in Headers */ = {isa = PBXBuildFile; fileRef = 1BB4E6C21DDE1E5C00D30145 /* CustomComboBoxVCtr.swift */; };
		1BB4E6CE1DDE1E7200D30145 /* DateTimeBoxVCtr.swift in Headers */ = {isa = PBXBuildFile; fileRef = 1BB4E6C41DDE1E5C00D30145 /* DateTimeBoxVCtr.swift */; };
/* End PBXBuildFile section */

/* Begin PBXFileReference section */
		1B1957681DDD93A5001668E5 /* StringHelper.swift */ = {isa = PBXFileReference; fileEncoding = 4; lastKnownFileType = sourcecode.swift; path = StringHelper.swift; sourceTree = "<group>"; };
		1B52A0491DD9F92500076FAB /* SRKUtility.framework */ = {isa = PBXFileReference; explicitFileType = wrapper.framework; includeInIndex = 0; path = SRKUtility.framework; sourceTree = BUILT_PRODUCTS_DIR; };
		1B52A04C1DD9F92500076FAB /* SRKUtility.h */ = {isa = PBXFileReference; lastKnownFileType = sourcecode.c.h; path = SRKUtility.h; sourceTree = "<group>"; };
		1B52A04D1DD9F92500076FAB /* Info.plist */ = {isa = PBXFileReference; lastKnownFileType = text.plist.xml; path = Info.plist; sourceTree = "<group>"; };
		1B52A0551DD9F94700076FAB /* UIImageHelper.swift */ = {isa = PBXFileReference; fileEncoding = 4; lastKnownFileType = sourcecode.swift; path = UIImageHelper.swift; sourceTree = "<group>"; };
		1BB4E6C01DDE1E5C00D30145 /* ComboBoxVCtr.swift */ = {isa = PBXFileReference; fileEncoding = 4; lastKnownFileType = sourcecode.swift; path = ComboBoxVCtr.swift; sourceTree = "<group>"; };
		1BB4E6C11DDE1E5C00D30145 /* ComboBoxVCtr.xib */ = {isa = PBXFileReference; fileEncoding = 4; lastKnownFileType = file.xib; path = ComboBoxVCtr.xib; sourceTree = "<group>"; };
		1BB4E6C21DDE1E5C00D30145 /* CustomComboBoxVCtr.swift */ = {isa = PBXFileReference; fileEncoding = 4; lastKnownFileType = sourcecode.swift; path = CustomComboBoxVCtr.swift; sourceTree = "<group>"; };
		1BB4E6C31DDE1E5C00D30145 /* CustomComboBoxVCtr.xib */ = {isa = PBXFileReference; fileEncoding = 4; lastKnownFileType = file.xib; path = CustomComboBoxVCtr.xib; sourceTree = "<group>"; };
		1BB4E6C41DDE1E5C00D30145 /* DateTimeBoxVCtr.swift */ = {isa = PBXFileReference; fileEncoding = 4; lastKnownFileType = sourcecode.swift; path = DateTimeBoxVCtr.swift; sourceTree = "<group>"; };
		1BB4E6C51DDE1E5C00D30145 /* DateTimeBoxVCtr.xib */ = {isa = PBXFileReference; fileEncoding = 4; lastKnownFileType = file.xib; path = DateTimeBoxVCtr.xib; sourceTree = "<group>"; };
/* End PBXFileReference section */

/* Begin PBXFrameworksBuildPhase section */
		1B52A0451DD9F92500076FAB /* Frameworks */ = {
			isa = PBXFrameworksBuildPhase;
			buildActionMask = 2147483647;
			files = (
			);
			runOnlyForDeploymentPostprocessing = 0;
		};
/* End PBXFrameworksBuildPhase section */

/* Begin PBXGroup section */
		1B1957671DDD93A5001668E5 /* Strings */ = {
			isa = PBXGroup;
			children = (
				1B1957681DDD93A5001668E5 /* StringHelper.swift */,
			);
			name = Strings;
			path = "../../SRKUtility-Source/Strings";
			sourceTree = "<group>";
		};
		1B52A03F1DD9F92500076FAB = {
			isa = PBXGroup;
			children = (
				1B52A04B1DD9F92500076FAB /* SRKUtility */,
				1B52A04A1DD9F92500076FAB /* Products */,
			);
			sourceTree = "<group>";
		};
		1B52A04A1DD9F92500076FAB /* Products */ = {
			isa = PBXGroup;
			children = (
				1B52A0491DD9F92500076FAB /* SRKUtility.framework */,
			);
			name = Products;
			sourceTree = "<group>";
		};
		1B52A04B1DD9F92500076FAB /* SRKUtility */ = {
			isa = PBXGroup;
			children = (
				1B52A04C1DD9F92500076FAB /* SRKUtility.h */,
				1BB4E6BF1DDE1E5C00D30145 /* Controls */,
				1B1957671DDD93A5001668E5 /* Strings */,
				1B52A0541DD9F94700076FAB /* UIImageView */,
				1B52A04D1DD9F92500076FAB /* Info.plist */,
			);
			path = SRKUtility;
			sourceTree = "<group>";
		};
		1B52A0541DD9F94700076FAB /* UIImageView */ = {
			isa = PBXGroup;
			children = (
				1B52A0551DD9F94700076FAB /* UIImageHelper.swift */,
			);
			name = UIImageView;
			path = "../../SRKUtility-Source/UIImageView";
			sourceTree = "<group>";
		};
		1BB4E6BF1DDE1E5C00D30145 /* Controls */ = {
			isa = PBXGroup;
			children = (
				1BB4E6C01DDE1E5C00D30145 /* ComboBoxVCtr.swift */,
				1BB4E6C11DDE1E5C00D30145 /* ComboBoxVCtr.xib */,
				1BB4E6C21DDE1E5C00D30145 /* CustomComboBoxVCtr.swift */,
				1BB4E6C31DDE1E5C00D30145 /* CustomComboBoxVCtr.xib */,
				1BB4E6C41DDE1E5C00D30145 /* DateTimeBoxVCtr.swift */,
				1BB4E6C51DDE1E5C00D30145 /* DateTimeBoxVCtr.xib */,
			);
			name = Controls;
			path = "../../SRKUtility-Source/Controls";
			sourceTree = "<group>";
		};
/* End PBXGroup section */

/* Begin PBXHeadersBuildPhase section */
		1B52A0461DD9F92500076FAB /* Headers */ = {
			isa = PBXHeadersBuildPhase;
			buildActionMask = 2147483647;
			files = (
				1B52A04E1DD9F92500076FAB /* SRKUtility.h in Headers */,
				1BB4E6CC1DDE1E7200D30145 /* ComboBoxVCtr.swift in Headers */,
				1BB4E6CD1DDE1E7200D30145 /* CustomComboBoxVCtr.swift in Headers */,
				1BB4E6CE1DDE1E7200D30145 /* DateTimeBoxVCtr.swift in Headers */,
				1B19576A1DDD93E6001668E5 /* StringHelper.swift in Headers */,
				1B52A0571DD9F95800076FAB /* UIImageHelper.swift in Headers */,
			);
			runOnlyForDeploymentPostprocessing = 0;
		};
/* End PBXHeadersBuildPhase section */

/* Begin PBXNativeTarget section */
		1B52A0481DD9F92500076FAB /* SRKUtility */ = {
			isa = PBXNativeTarget;
			buildConfigurationList = 1B52A0511DD9F92500076FAB /* Build configuration list for PBXNativeTarget "SRKUtility" */;
			buildPhases = (
				1B52A0441DD9F92500076FAB /* Sources */,
				1B52A0451DD9F92500076FAB /* Frameworks */,
				1B52A0461DD9F92500076FAB /* Headers */,
				1B52A0471DD9F92500076FAB /* Resources */,
			);
			buildRules = (
			);
			dependencies = (
			);
			name = SRKUtility;
			productName = SRKUtility;
			productReference = 1B52A0491DD9F92500076FAB /* SRKUtility.framework */;
			productType = "com.apple.product-type.framework";
		};
/* End PBXNativeTarget section */

/* Begin PBXProject section */
		1B52A0401DD9F92500076FAB /* Project object */ = {
			isa = PBXProject;
			attributes = {
				LastUpgradeCheck = 0810;
				ORGANIZATIONNAME = "Sagar R. Kothari";
				TargetAttributes = {
					1B52A0481DD9F92500076FAB = {
						CreatedOnToolsVersion = 8.1;
						ProvisioningStyle = Manual;
					};
				};
			};
			buildConfigurationList = 1B52A0431DD9F92500076FAB /* Build configuration list for PBXProject "SRKUtility" */;
			compatibilityVersion = "Xcode 3.2";
			developmentRegion = English;
			hasScannedForEncodings = 0;
			knownRegions = (
				en,
			);
			mainGroup = 1B52A03F1DD9F92500076FAB;
			productRefGroup = 1B52A04A1DD9F92500076FAB /* Products */;
			projectDirPath = "";
			projectRoot = "";
			targets = (
				1B52A0481DD9F92500076FAB /* SRKUtility */,
			);
		};
/* End PBXProject section */

/* Begin PBXResourcesBuildPhase section */
		1B52A0471DD9F92500076FAB /* Resources */ = {
			isa = PBXResourcesBuildPhase;
			buildActionMask = 2147483647;
			files = (
				1BB4E6C91DDE1E5C00D30145 /* CustomComboBoxVCtr.xib in Resources */,
				1BB4E6C71DDE1E5C00D30145 /* ComboBoxVCtr.xib in Resources */,
				1BB4E6CB1DDE1E5C00D30145 /* DateTimeBoxVCtr.xib in Resources */,
			);
			runOnlyForDeploymentPostprocessing = 0;
		};
/* End PBXResourcesBuildPhase section */

/* Begin PBXSourcesBuildPhase section */
		1B52A0441DD9F92500076FAB /* Sources */ = {
			isa = PBXSourcesBuildPhase;
			buildActionMask = 2147483647;
			files = (
				1B1957691DDD93A5001668E5 /* StringHelper.swift in Sources */,
				1BB4E6C61DDE1E5C00D30145 /* ComboBoxVCtr.swift in Sources */,
				1BB4E6CA1DDE1E5C00D30145 /* DateTimeBoxVCtr.swift in Sources */,
				1BB4E6C81DDE1E5C00D30145 /* CustomComboBoxVCtr.swift in Sources */,
				1B52A0561DD9F94700076FAB /* UIImageHelper.swift in Sources */,
			);
			runOnlyForDeploymentPostprocessing = 0;
		};
/* End PBXSourcesBuildPhase section */

/* Begin XCBuildConfiguration section */
		1B52A04F1DD9F92500076FAB /* Debug */ = {
			isa = XCBuildConfiguration;
			buildSettings = {
				ALWAYS_SEARCH_USER_PATHS = NO;
				CLANG_ANALYZER_NONNULL = YES;
				CLANG_CXX_LANGUAGE_STANDARD = "gnu++0x";
				CLANG_CXX_LIBRARY = "libc++";
				CLANG_ENABLE_MODULES = YES;
				CLANG_ENABLE_OBJC_ARC = YES;
				CLANG_WARN_BOOL_CONVERSION = YES;
				CLANG_WARN_CONSTANT_CONVERSION = YES;
				CLANG_WARN_DIRECT_OBJC_ISA_USAGE = YES_ERROR;
				CLANG_WARN_DOCUMENTATION_COMMENTS = YES;
				CLANG_WARN_EMPTY_BODY = YES;
				CLANG_WARN_ENUM_CONVERSION = YES;
				CLANG_WARN_INFINITE_RECURSION = YES;
				CLANG_WARN_INT_CONVERSION = YES;
				CLANG_WARN_OBJC_ROOT_CLASS = YES_ERROR;
				CLANG_WARN_SUSPICIOUS_MOVES = YES;
				CLANG_WARN_UNREACHABLE_CODE = YES;
				CLANG_WARN__DUPLICATE_METHOD_MATCH = YES;
				"CODE_SIGN_IDENTITY[sdk=iphoneos*]" = "iPhone Developer";
				COPY_PHASE_STRIP = NO;
				CURRENT_PROJECT_VERSION = 1;
				DEBUG_INFORMATION_FORMAT = dwarf;
				ENABLE_STRICT_OBJC_MSGSEND = YES;
				ENABLE_TESTABILITY = YES;
				GCC_C_LANGUAGE_STANDARD = gnu99;
				GCC_DYNAMIC_NO_PIC = NO;
				GCC_NO_COMMON_BLOCKS = YES;
				GCC_OPTIMIZATION_LEVEL = 0;
				GCC_PREPROCESSOR_DEFINITIONS = (
					"DEBUG=1",
					"$(inherited)",
				);
				GCC_WARN_64_TO_32_BIT_CONVERSION = YES;
				GCC_WARN_ABOUT_RETURN_TYPE = YES_ERROR;
				GCC_WARN_UNDECLARED_SELECTOR = YES;
				GCC_WARN_UNINITIALIZED_AUTOS = YES_AGGRESSIVE;
				GCC_WARN_UNUSED_FUNCTION = YES;
				GCC_WARN_UNUSED_VARIABLE = YES;
				IPHONEOS_DEPLOYMENT_TARGET = 10.1;
				MTL_ENABLE_DEBUG_INFO = YES;
				ONLY_ACTIVE_ARCH = YES;
				SDKROOT = iphoneos;
				SWIFT_ACTIVE_COMPILATION_CONDITIONS = DEBUG;
				SWIFT_OPTIMIZATION_LEVEL = "-Onone";
				TARGETED_DEVICE_FAMILY = "1,2";
				VERSIONING_SYSTEM = "apple-generic";
				VERSION_INFO_PREFIX = "";
			};
			name = Debug;
		};
		1B52A0501DD9F92500076FAB /* Release */ = {
			isa = XCBuildConfiguration;
			buildSettings = {
				ALWAYS_SEARCH_USER_PATHS = NO;
				CLANG_ANALYZER_NONNULL = YES;
				CLANG_CXX_LANGUAGE_STANDARD = "gnu++0x";
				CLANG_CXX_LIBRARY = "libc++";
				CLANG_ENABLE_MODULES = YES;
				CLANG_ENABLE_OBJC_ARC = YES;
				CLANG_WARN_BOOL_CONVERSION = YES;
				CLANG_WARN_CONSTANT_CONVERSION = YES;
				CLANG_WARN_DIRECT_OBJC_ISA_USAGE = YES_ERROR;
				CLANG_WARN_DOCUMENTATION_COMMENTS = YES;
				CLANG_WARN_EMPTY_BODY = YES;
				CLANG_WARN_ENUM_CONVERSION = YES;
				CLANG_WARN_INFINITE_RECURSION = YES;
				CLANG_WARN_INT_CONVERSION = YES;
				CLANG_WARN_OBJC_ROOT_CLASS = YES_ERROR;
				CLANG_WARN_SUSPICIOUS_MOVES = YES;
				CLANG_WARN_UNREACHABLE_CODE = YES;
				CLANG_WARN__DUPLICATE_METHOD_MATCH = YES;
				"CODE_SIGN_IDENTITY[sdk=iphoneos*]" = "iPhone Developer";
				COPY_PHASE_STRIP = NO;
				CURRENT_PROJECT_VERSION = 1;
				DEBUG_INFORMATION_FORMAT = "dwarf-with-dsym";
				ENABLE_NS_ASSERTIONS = NO;
				ENABLE_STRICT_OBJC_MSGSEND = YES;
				GCC_C_LANGUAGE_STANDARD = gnu99;
				GCC_NO_COMMON_BLOCKS = YES;
				GCC_WARN_64_TO_32_BIT_CONVERSION = YES;
				GCC_WARN_ABOUT_RETURN_TYPE = YES_ERROR;
				GCC_WARN_UNDECLARED_SELECTOR = YES;
				GCC_WARN_UNINITIALIZED_AUTOS = YES_AGGRESSIVE;
				GCC_WARN_UNUSED_FUNCTION = YES;
				GCC_WARN_UNUSED_VARIABLE = YES;
				IPHONEOS_DEPLOYMENT_TARGET = 10.1;
				MTL_ENABLE_DEBUG_INFO = NO;
				SDKROOT = iphoneos;
				SWIFT_OPTIMIZATION_LEVEL = "-Owholemodule";
				TARGETED_DEVICE_FAMILY = "1,2";
				VALIDATE_PRODUCT = YES;
				VERSIONING_SYSTEM = "apple-generic";
				VERSION_INFO_PREFIX = "";
			};
			name = Release;
		};
		1B52A0521DD9F92500076FAB /* Debug */ = {
			isa = XCBuildConfiguration;
			buildSettings = {
				CODE_SIGN_IDENTITY = "";
				DEFINES_MODULE = YES;
				DEVELOPMENT_TEAM = "";
				DYLIB_COMPATIBILITY_VERSION = 1;
				DYLIB_CURRENT_VERSION = 1;
				DYLIB_INSTALL_NAME_BASE = "@rpath";
				INFOPLIST_FILE = SRKUtility/Info.plist;
				INSTALL_PATH = "$(LOCAL_LIBRARY_DIR)/Frameworks";
				LD_RUNPATH_SEARCH_PATHS = "$(inherited) @executable_path/Frameworks @loader_path/Frameworks";
				PRODUCT_BUNDLE_IDENTIFIER = com.sagarrkothari.SRKUtility;
				PRODUCT_NAME = "$(TARGET_NAME)";
				SKIP_INSTALL = YES;
				SWIFT_VERSION = 3.0;
			};
			name = Debug;
		};
		1B52A0531DD9F92500076FAB /* Release */ = {
			isa = XCBuildConfiguration;
			buildSettings = {
				CODE_SIGN_IDENTITY = "";
				DEFINES_MODULE = YES;
				DEVELOPMENT_TEAM = "";
				DYLIB_COMPATIBILITY_VERSION = 1;
				DYLIB_CURRENT_VERSION = 1;
				DYLIB_INSTALL_NAME_BASE = "@rpath";
				INFOPLIST_FILE = SRKUtility/Info.plist;
				INSTALL_PATH = "$(LOCAL_LIBRARY_DIR)/Frameworks";
				LD_RUNPATH_SEARCH_PATHS = "$(inherited) @executable_path/Frameworks @loader_path/Frameworks";
				PRODUCT_BUNDLE_IDENTIFIER = com.sagarrkothari.SRKUtility;
				PRODUCT_NAME = "$(TARGET_NAME)";
				SKIP_INSTALL = YES;
				SWIFT_VERSION = 3.0;
			};
			name = Release;
		};
/* End XCBuildConfiguration section */

/* Begin XCConfigurationList section */
		1B52A0431DD9F92500076FAB /* Build configuration list for PBXProject "SRKUtility" */ = {
			isa = XCConfigurationList;
			buildConfigurations = (
				1B52A04F1DD9F92500076FAB /* Debug */,
				1B52A0501DD9F92500076FAB /* Release */,
			);
			defaultConfigurationIsVisible = 0;
			defaultConfigurationName = Release;
		};
		1B52A0511DD9F92500076FAB /* Build configuration list for PBXNativeTarget "SRKUtility" */ = {
			isa = XCConfigurationList;
			buildConfigurations = (
				1B52A0521DD9F92500076FAB /* Debug */,
				1B52A0531DD9F92500076FAB /* Release */,
			);
			defaultConfigurationIsVisible = 0;
			defaultConfigurationName = Release;
		};
/* End XCConfigurationList section */
	};
	rootObject = 1B52A0401DD9F92500076FAB /* Project object */;
}
