// !$*UTF8*$!
{
	archiveVersion = 1;
	classes = {
	};
	objectVersion = 46;
	objects = {

/* Begin PBXBuildFile section */
		1B52A0651DD9F99F00076FAB /* AppDelegate.swift in Sources */ = {isa = PBXBuildFile; fileRef = 1B52A0641DD9F99F00076FAB /* AppDelegate.swift */; };
		1B52A0671DD9F99F00076FAB /* ViewController.swift in Sources */ = {isa = PBXBuildFile; fileRef = 1B52A0661DD9F99F00076FAB /* ViewController.swift */; };
		1B52A06A1DD9F99F00076FAB /* Main.storyboard in Resources */ = {isa = PBXBuildFile; fileRef = 1B52A0681DD9F99F00076FAB /* Main.storyboard */; };
		1B52A06C1DD9F99F00076FAB /* Assets.xcassets in Resources */ = {isa = PBXBuildFile; fileRef = 1B52A06B1DD9F99F00076FAB /* Assets.xcassets */; };
		1B52A06F1DD9F99F00076FAB /* LaunchScreen.storyboard in Resources */ = {isa = PBXBuildFile; fileRef = 1B52A06D1DD9F99F00076FAB /* LaunchScreen.storyboard */; };
		1B52A0771DD9F9B700076FAB /* SRKUtility.framework in Frameworks */ = {isa = PBXBuildFile; fileRef = 1B52A0761DD9F9B700076FAB /* SRKUtility.framework */; };
		1B52A0781DD9F9B700076FAB /* SRKUtility.framework in Embed Frameworks */ = {isa = PBXBuildFile; fileRef = 1B52A0761DD9F9B700076FAB /* SRKUtility.framework */; settings = {ATTRIBUTES = (CodeSignOnCopy, RemoveHeadersOnCopy, ); }; };
/* End PBXBuildFile section */

/* Begin PBXCopyFilesBuildPhase section */
		1B52A0791DD9F9B700076FAB /* Embed Frameworks */ = {
			isa = PBXCopyFilesBuildPhase;
			buildActionMask = 2147483647;
			dstPath = "";
			dstSubfolderSpec = 10;
			files = (
				1B52A0781DD9F9B700076FAB /* SRKUtility.framework in Embed Frameworks */,
			);
			name = "Embed Frameworks";
			runOnlyForDeploymentPostprocessing = 0;
		};
/* End PBXCopyFilesBuildPhase section */

/* Begin PBXFileReference section */
		1B52A0611DD9F99F00076FAB /* SRKUtilityImport.app */ = {isa = PBXFileReference; explicitFileType = wrapper.application; includeInIndex = 0; path = SRKUtilityImport.app; sourceTree = BUILT_PRODUCTS_DIR; };
		1B52A0641DD9F99F00076FAB /* AppDelegate.swift */ = {isa = PBXFileReference; lastKnownFileType = sourcecode.swift; path = AppDelegate.swift; sourceTree = "<group>"; };
		1B52A0661DD9F99F00076FAB /* ViewController.swift */ = {isa = PBXFileReference; lastKnownFileType = sourcecode.swift; path = ViewController.swift; sourceTree = "<group>"; };
		1B52A0691DD9F99F00076FAB /* Base */ = {isa = PBXFileReference; lastKnownFileType = file.storyboard; name = Base; path = Base.lproj/Main.storyboard; sourceTree = "<group>"; };
		1B52A06B1DD9F99F00076FAB /* Assets.xcassets */ = {isa = PBXFileReference; lastKnownFileType = folder.assetcatalog; path = Assets.xcassets; sourceTree = "<group>"; };
		1B52A06E1DD9F99F00076FAB /* Base */ = {isa = PBXFileReference; lastKnownFileType = file.storyboard; name = Base; path = Base.lproj/LaunchScreen.storyboard; sourceTree = "<group>"; };
		1B52A0701DD9F99F00076FAB /* Info.plist */ = {isa = PBXFileReference; lastKnownFileType = text.plist.xml; path = Info.plist; sourceTree = "<group>"; };
		1B52A0761DD9F9B700076FAB /* SRKUtility.framework */ = {isa = PBXFileReference; explicitFileType = wrapper.framework; path = SRKUtility.framework; sourceTree = BUILT_PRODUCTS_DIR; };
/* End PBXFileReference section */

/* Begin PBXFrameworksBuildPhase section */
		1B52A05E1DD9F99F00076FAB /* Frameworks */ = {
			isa = PBXFrameworksBuildPhase;
			buildActionMask = 2147483647;
			files = (
				1B52A0771DD9F9B700076FAB /* SRKUtility.framework in Frameworks */,
			);
			runOnlyForDeploymentPostprocessing = 0;
		};
/* End PBXFrameworksBuildPhase section */

/* Begin PBXGroup section */
		1B52A0581DD9F99F00076FAB = {
			isa = PBXGroup;
			children = (
				1B52A0761DD9F9B700076FAB /* SRKUtility.framework */,
				1B52A0631DD9F99F00076FAB /* SRKUtilityImport */,
				1B52A0621DD9F99F00076FAB /* Products */,
			);
			sourceTree = "<group>";
		};
		1B52A0621DD9F99F00076FAB /* Products */ = {
			isa = PBXGroup;
			children = (
				1B52A0611DD9F99F00076FAB /* SRKUtilityImport.app */,
			);
			name = Products;
			sourceTree = "<group>";
		};
		1B52A0631DD9F99F00076FAB /* SRKUtilityImport */ = {
			isa = PBXGroup;
			children = (
				1B52A0641DD9F99F00076FAB /* AppDelegate.swift */,
				1B52A0661DD9F99F00076FAB /* ViewController.swift */,
				1B52A0681DD9F99F00076FAB /* Main.storyboard */,
				1B52A06B1DD9F99F00076FAB /* Assets.xcassets */,
				1B52A06D1DD9F99F00076FAB /* LaunchScreen.storyboard */,
				1B52A0701DD9F99F00076FAB /* Info.plist */,
			);
			path = SRKUtilityImport;
			sourceTree = "<group>";
		};
/* End PBXGroup section */

/* Begin PBXNativeTarget section */
		1B52A0601DD9F99F00076FAB /* SRKUtilityImport */ = {
			isa = PBXNativeTarget;
			buildConfigurationList = 1B52A0731DD9F99F00076FAB /* Build configuration list for PBXNativeTarget "SRKUtilityImport" */;
			buildPhases = (
				1B52A05D1DD9F99F00076FAB /* Sources */,
				1B52A05E1DD9F99F00076FAB /* Frameworks */,
				1B52A05F1DD9F99F00076FAB /* Resources */,
				1B52A0791DD9F9B700076FAB /* Embed Frameworks */,
			);
			buildRules = (
			);
			dependencies = (
			);
			name = SRKUtilityImport;
			productName = SRKUtilityImport;
			productReference = 1B52A0611DD9F99F00076FAB /* SRKUtilityImport.app */;
			productType = "com.apple.product-type.application";
		};
/* End PBXNativeTarget section */

/* Begin PBXProject section */
		1B52A0591DD9F99F00076FAB /* Project object */ = {
			isa = PBXProject;
			attributes = {
				LastSwiftUpdateCheck = 0810;
				LastUpgradeCheck = 0810;
				ORGANIZATIONNAME = "Sagar R. Kothari";
				TargetAttributes = {
					1B52A0601DD9F99F00076FAB = {
						CreatedOnToolsVersion = 8.1;
						DevelopmentTeam = 8YWS3RCPNM;
						ProvisioningStyle = Automatic;
					};
				};
			};
			buildConfigurationList = 1B52A05C1DD9F99F00076FAB /* Build configuration list for PBXProject "SRKUtilityImport" */;
			compatibilityVersion = "Xcode 3.2";
			developmentRegion = English;
			hasScannedForEncodings = 0;
			knownRegions = (
				en,
				Base,
			);
			mainGroup = 1B52A0581DD9F99F00076FAB;
			productRefGroup = 1B52A0621DD9F99F00076FAB /* Products */;
			projectDirPath = "";
			projectRoot = "";
			targets = (
				1B52A0601DD9F99F00076FAB /* SRKUtilityImport */,
			);
		};
/* End PBXProject section */

/* Begin PBXResourcesBuildPhase section */
		1B52A05F1DD9F99F00076FAB /* Resources */ = {
			isa = PBXResourcesBuildPhase;
			buildActionMask = 2147483647;
			files = (
				1B52A06F1DD9F99F00076FAB /* LaunchScreen.storyboard in Resources */,
				1B52A06C1DD9F99F00076FAB /* Assets.xcassets in Resources */,
				1B52A06A1DD9F99F00076FAB /* Main.storyboard in Resources */,
			);
			runOnlyForDeploymentPostprocessing = 0;
		};
/* End PBXResourcesBuildPhase section */

/* Begin PBXSourcesBuildPhase section */
		1B52A05D1DD9F99F00076FAB /* Sources */ = {
			isa = PBXSourcesBuildPhase;
			buildActionMask = 2147483647;
			files = (
				1B52A0671DD9F99F00076FAB /* ViewController.swift in Sources */,
				1B52A0651DD9F99F00076FAB /* AppDelegate.swift in Sources */,
			);
			runOnlyForDeploymentPostprocessing = 0;
		};
/* End PBXSourcesBuildPhase section */

/* Begin PBXVariantGroup section */
		1B52A0681DD9F99F00076FAB /* Main.storyboard */ = {
			isa = PBXVariantGroup;
			children = (
				1B52A0691DD9F99F00076FAB /* Base */,
			);
			name = Main.storyboard;
			sourceTree = "<group>";
		};
		1B52A06D1DD9F99F00076FAB /* LaunchScreen.storyboard */ = {
			isa = PBXVariantGroup;
			children = (
				1B52A06E1DD9F99F00076FAB /* Base */,
			);
			name = LaunchScreen.storyboard;
			sourceTree = "<group>";
		};
/* End PBXVariantGroup section */

/* Begin XCBuildConfiguration section */
		1B52A0711DD9F99F00076FAB /* Debug */ = {
			isa = XCBuildConfiguration;
			buildSettings = {
				ALWAYS_SEARCH_USER_PATHS = NO;
				CLANG_ANALYZER_NONNULL = YES;
				CLANG_CXX_LANGUAGE_STANDARD = "gnu++0x";
				CLANG_CXX_LIBRARY = "libc++";
				CLANG_ENABLE_MODULES = YES;
				CLANG_ENABLE_OBJC_ARC = YES;
				CLANG_WARN_BOOL_CONVERSION = YES;
				CLANG_WARN_CONSTANT_CONVERSION = YES;
				CLANG_WARN_DIRECT_OBJC_ISA_USAGE = YES_ERROR;
				CLANG_WARN_DOCUMENTATION_COMMENTS = YES;
				CLANG_WARN_EMPTY_BODY = YES;
				CLANG_WARN_ENUM_CONVERSION = YES;
				CLANG_WARN_INFINITE_RECURSION = YES;
				CLANG_WARN_INT_CONVERSION = YES;
				CLANG_WARN_OBJC_ROOT_CLASS = YES_ERROR;
				CLANG_WARN_SUSPICIOUS_MOVES = YES;
				CLANG_WARN_UNREACHABLE_CODE = YES;
				CLANG_WARN__DUPLICATE_METHOD_MATCH = YES;
				"CODE_SIGN_IDENTITY[sdk=iphoneos*]" = "iPhone Developer";
				COPY_PHASE_STRIP = NO;
				DEBUG_INFORMATION_FORMAT = dwarf;
				ENABLE_STRICT_OBJC_MSGSEND = YES;
				ENABLE_TESTABILITY = YES;
				GCC_C_LANGUAGE_STANDARD = gnu99;
				GCC_DYNAMIC_NO_PIC = NO;
				GCC_NO_COMMON_BLOCKS = YES;
				GCC_OPTIMIZATION_LEVEL = 0;
				GCC_PREPROCESSOR_DEFINITIONS = (
					"DEBUG=1",
					"$(inherited)",
				);
				GCC_WARN_64_TO_32_BIT_CONVERSION = YES;
				GCC_WARN_ABOUT_RETURN_TYPE = YES_ERROR;
				GCC_WARN_UNDECLARED_SELECTOR = YES;
				GCC_WARN_UNINITIALIZED_AUTOS = YES_AGGRESSIVE;
				GCC_WARN_UNUSED_FUNCTION = YES;
				GCC_WARN_UNUSED_VARIABLE = YES;
				IPHONEOS_DEPLOYMENT_TARGET = 10.1;
				MTL_ENABLE_DEBUG_INFO = YES;
				ONLY_ACTIVE_ARCH = YES;
				SDKROOT = iphoneos;
				SWIFT_ACTIVE_COMPILATION_CONDITIONS = DEBUG;
				SWIFT_OPTIMIZATION_LEVEL = "-Onone";
				TARGETED_DEVICE_FAMILY = "1,2";
			};
			name = Debug;
		};
		1B52A0721DD9F99F00076FAB /* Release */ = {
			isa = XCBuildConfiguration;
			buildSettings = {
				ALWAYS_SEARCH_USER_PATHS = NO;
				CLANG_ANALYZER_NONNULL = YES;
				CLANG_CXX_LANGUAGE_STANDARD = "gnu++0x";
				CLANG_CXX_LIBRARY = "libc++";
				CLANG_ENABLE_MODULES = YES;
				CLANG_ENABLE_OBJC_ARC = YES;
				CLANG_WARN_BOOL_CONVERSION = YES;
				CLANG_WARN_CONSTANT_CONVERSION = YES;
				CLANG_WARN_DIRECT_OBJC_ISA_USAGE = YES_ERROR;
				CLANG_WARN_DOCUMENTATION_COMMENTS = YES;
				CLANG_WARN_EMPTY_BODY = YES;
				CLANG_WARN_ENUM_CONVERSION = YES;
				CLANG_WARN_INFINITE_RECURSION = YES;
				CLANG_WARN_INT_CONVERSION = YES;
				CLANG_WARN_OBJC_ROOT_CLASS = YES_ERROR;
				CLANG_WARN_SUSPICIOUS_MOVES = YES;
				CLANG_WARN_UNREACHABLE_CODE = YES;
				CLANG_WARN__DUPLICATE_METHOD_MATCH = YES;
				"CODE_SIGN_IDENTITY[sdk=iphoneos*]" = "iPhone Developer";
				COPY_PHASE_STRIP = NO;
				DEBUG_INFORMATION_FORMAT = "dwarf-with-dsym";
				ENABLE_NS_ASSERTIONS = NO;
				ENABLE_STRICT_OBJC_MSGSEND = YES;
				GCC_C_LANGUAGE_STANDARD = gnu99;
				GCC_NO_COMMON_BLOCKS = YES;
				GCC_WARN_64_TO_32_BIT_CONVERSION = YES;
				GCC_WARN_ABOUT_RETURN_TYPE = YES_ERROR;
				GCC_WARN_UNDECLARED_SELECTOR = YES;
				GCC_WARN_UNINITIALIZED_AUTOS = YES_AGGRESSIVE;
				GCC_WARN_UNUSED_FUNCTION = YES;
				GCC_WARN_UNUSED_VARIABLE = YES;
				IPHONEOS_DEPLOYMENT_TARGET = 10.1;
				MTL_ENABLE_DEBUG_INFO = NO;
				SDKROOT = iphoneos;
				SWIFT_OPTIMIZATION_LEVEL = "-Owholemodule";
				TARGETED_DEVICE_FAMILY = "1,2";
				VALIDATE_PRODUCT = YES;
			};
			name = Release;
		};
		1B52A0741DD9F99F00076FAB /* Debug */ = {
			isa = XCBuildConfiguration;
			buildSettings = {
				ASSETCATALOG_COMPILER_APPICON_NAME = AppIcon;
				DEVELOPMENT_TEAM = 8YWS3RCPNM;
				INFOPLIST_FILE = SRKUtilityImport/Info.plist;
				LD_RUNPATH_SEARCH_PATHS = "$(inherited) @executable_path/Frameworks";
				PRODUCT_BUNDLE_IDENTIFIER = com.sagarrkothari.SRKUtilityImport;
				PRODUCT_NAME = "$(TARGET_NAME)";
				SWIFT_VERSION = 3.0;
			};
			name = Debug;
		};
		1B52A0751DD9F99F00076FAB /* Release */ = {
			isa = XCBuildConfiguration;
			buildSettings = {
				ASSETCATALOG_COMPILER_APPICON_NAME = AppIcon;
				DEVELOPMENT_TEAM = 8YWS3RCPNM;
				INFOPLIST_FILE = SRKUtilityImport/Info.plist;
				LD_RUNPATH_SEARCH_PATHS = "$(inherited) @executable_path/Frameworks";
				PRODUCT_BUNDLE_IDENTIFIER = com.sagarrkothari.SRKUtilityImport;
				PRODUCT_NAME = "$(TARGET_NAME)";
				SWIFT_VERSION = 3.0;
			};
			name = Release;
		};
/* End XCBuildConfiguration section */

/* Begin XCConfigurationList section */
		1B52A05C1DD9F99F00076FAB /* Build configuration list for PBXProject "SRKUtilityImport" */ = {
			isa = XCConfigurationList;
			buildConfigurations = (
				1B52A0711DD9F99F00076FAB /* Debug */,
				1B52A0721DD9F99F00076FAB /* Release */,
			);
			defaultConfigurationIsVisible = 0;
			defaultConfigurationName = Release;
		};
		1B52A0731DD9F99F00076FAB /* Build configuration list for PBXNativeTarget "SRKUtilityImport" */ = {
			isa = XCConfigurationList;
			buildConfigurations = (
				1B52A0741DD9F99F00076FAB /* Debug */,
				1B52A0751DD9F99F00076FAB /* Release */,
			);
			defaultConfigurationIsVisible = 0;
		};
/* End XCConfigurationList section */
	};
	rootObject = 1B52A0591DD9F99F00076FAB /* Project object */;
}
